// !$*UTF8*$!
{
	archiveVersion = 1;
	classes = {
	};
	objectVersion = 46;
	objects = {

/* Begin PBXBuildFile section */
		0A0A3DE61D25FC8100053EA0 /* Bolts.framework in Frameworks */ = {isa = PBXBuildFile; fileRef = 0A0A3DE31D25FC8100053EA0 /* Bolts.framework */; };
		0A0A3DE71D25FC8100053EA0 /* FBSDKCoreKit.framework in Frameworks */ = {isa = PBXBuildFile; fileRef = 0A0A3DE41D25FC8100053EA0 /* FBSDKCoreKit.framework */; };
		0A0A3DE81D25FC8100053EA0 /* FBSDKLoginKit.framework in Frameworks */ = {isa = PBXBuildFile; fileRef = 0A0A3DE51D25FC8100053EA0 /* FBSDKLoginKit.framework */; };
		0A0A3DEA1D25FD6000053EA0 /* DataService.swift in Sources */ = {isa = PBXBuildFile; fileRef = 0A0A3DE91D25FD6000053EA0 /* DataService.swift */; };
		0A0A3DEC1D25FD8800053EA0 /* Constant.swift in Sources */ = {isa = PBXBuildFile; fileRef = 0A0A3DEB1D25FD8800053EA0 /* Constant.swift */; };
		0A0A3DF61D260D7E00053EA0 /* HomeVC.swift in Sources */ = {isa = PBXBuildFile; fileRef = 0A0A3DF51D260D7E00053EA0 /* HomeVC.swift */; };
		0A8E0D4A1D271AEA00F923E0 /* EventCell.swift in Sources */ = {isa = PBXBuildFile; fileRef = 0A8E0D491D271AEA00F923E0 /* EventCell.swift */; };
		0ADB7AE31D2747AC00F94EFC /* PostVC.swift in Sources */ = {isa = PBXBuildFile; fileRef = 0ADB7AE21D2747AC00F94EFC /* PostVC.swift */; };
		0ADB7AE61D2797CB00F94EFC /* GoogleService-Info.plist in Resources */ = {isa = PBXBuildFile; fileRef = 0ADB7AE51D2797CB00F94EFC /* GoogleService-Info.plist */; };
		C330923E1D1CE66B000A14FD /* AdditionalSignUpVC.swift in Sources */ = {isa = PBXBuildFile; fileRef = C330923D1D1CE66B000A14FD /* AdditionalSignUpVC.swift */; };
		C3472CFD1CCF02D8007CC4F7 /* AppDelegate.swift in Sources */ = {isa = PBXBuildFile; fileRef = C3472CFC1CCF02D8007CC4F7 /* AppDelegate.swift */; };
		C3472CFF1CCF02D8007CC4F7 /* LandingVC.swift in Sources */ = {isa = PBXBuildFile; fileRef = C3472CFE1CCF02D8007CC4F7 /* LandingVC.swift */; };
		C3472D021CCF02D8007CC4F7 /* Main.storyboard in Resources */ = {isa = PBXBuildFile; fileRef = C3472D001CCF02D8007CC4F7 /* Main.storyboard */; };
		C3472D041CCF02D8007CC4F7 /* Assets.xcassets in Resources */ = {isa = PBXBuildFile; fileRef = C3472D031CCF02D8007CC4F7 /* Assets.xcassets */; };
		C3472D071CCF02D8007CC4F7 /* LaunchScreen.storyboard in Resources */ = {isa = PBXBuildFile; fileRef = C3472D051CCF02D8007CC4F7 /* LaunchScreen.storyboard */; };
		C3472D0F1CCF0326007CC4F7 /* LoginVC.swift in Sources */ = {isa = PBXBuildFile; fileRef = C3472D0E1CCF0326007CC4F7 /* LoginVC.swift */; };
		C3472D111CCF0336007CC4F7 /* SignUpVC.swift in Sources */ = {isa = PBXBuildFile; fileRef = C3472D101CCF0336007CC4F7 /* SignUpVC.swift */; };
		C36ECA151CD0572B00C9A361 /* User.swift in Sources */ = {isa = PBXBuildFile; fileRef = C36ECA141CD0572B00C9A361 /* User.swift */; };
		C38B07511CDA02CA00423AB7 /* Util.swift in Sources */ = {isa = PBXBuildFile; fileRef = C38B07501CDA02CA00423AB7 /* Util.swift */; };
		C39219BD1D138BD400B1B24C /* Event.swift in Sources */ = {isa = PBXBuildFile; fileRef = C39219BC1D138BD400B1B24C /* Event.swift */; };
		C39219BF1D138C7B00B1B24C /* Payment.swift in Sources */ = {isa = PBXBuildFile; fileRef = C39219BE1D138C7B00B1B24C /* Payment.swift */; };
		C3B970A31D2A90EE00CA6BB5 /* LeftMenuDrawerVC.swift in Sources */ = {isa = PBXBuildFile; fileRef = C3B970A21D2A90EE00CA6BB5 /* LeftMenuDrawerVC.swift */; };
		C3CCEAE31D2B5D4F00EDC31D /* SSASideMenu.swift in Sources */ = {isa = PBXBuildFile; fileRef = C3CCEAE21D2B5D4F00EDC31D /* SSASideMenu.swift */; };
		F32B37D3377342CC1491654C /* Pods_CPlusKitchen.framework in Frameworks */ = {isa = PBXBuildFile; fileRef = 0188042C45B9F31E8BBC74AC /* Pods_CPlusKitchen.framework */; };
/* End PBXBuildFile section */

/* Begin PBXFileReference section */
		0188042C45B9F31E8BBC74AC /* Pods_CPlusKitchen.framework */ = {isa = PBXFileReference; explicitFileType = wrapper.framework; includeInIndex = 0; path = Pods_CPlusKitchen.framework; sourceTree = BUILT_PRODUCTS_DIR; };
		0A0A3DE31D25FC8100053EA0 /* Bolts.framework */ = {isa = PBXFileReference; lastKnownFileType = wrapper.framework; path = Bolts.framework; sourceTree = "<group>"; };
		0A0A3DE41D25FC8100053EA0 /* FBSDKCoreKit.framework */ = {isa = PBXFileReference; lastKnownFileType = wrapper.framework; path = FBSDKCoreKit.framework; sourceTree = "<group>"; };
		0A0A3DE51D25FC8100053EA0 /* FBSDKLoginKit.framework */ = {isa = PBXFileReference; lastKnownFileType = wrapper.framework; path = FBSDKLoginKit.framework; sourceTree = "<group>"; };
		0A0A3DE91D25FD6000053EA0 /* DataService.swift */ = {isa = PBXFileReference; fileEncoding = 4; lastKnownFileType = sourcecode.swift; path = DataService.swift; sourceTree = "<group>"; };
		0A0A3DEB1D25FD8800053EA0 /* Constant.swift */ = {isa = PBXFileReference; fileEncoding = 4; lastKnownFileType = sourcecode.swift; path = Constant.swift; sourceTree = "<group>"; };
		0A0A3DF51D260D7E00053EA0 /* HomeVC.swift */ = {isa = PBXFileReference; fileEncoding = 4; lastKnownFileType = sourcecode.swift; path = HomeVC.swift; sourceTree = "<group>"; };
		0A8E0D491D271AEA00F923E0 /* EventCell.swift */ = {isa = PBXFileReference; fileEncoding = 4; lastKnownFileType = sourcecode.swift; path = EventCell.swift; sourceTree = "<group>"; };
		0ADB7AE21D2747AC00F94EFC /* PostVC.swift */ = {isa = PBXFileReference; fileEncoding = 4; lastKnownFileType = sourcecode.swift; path = PostVC.swift; sourceTree = "<group>"; };
		0ADB7AE51D2797CB00F94EFC /* GoogleService-Info.plist */ = {isa = PBXFileReference; fileEncoding = 4; lastKnownFileType = text.plist.xml; path = "GoogleService-Info.plist"; sourceTree = "<group>"; };
		7E661D4234041A03F9F3AE57 /* Pods-CPlusKitchen.release.xcconfig */ = {isa = PBXFileReference; includeInIndex = 1; lastKnownFileType = text.xcconfig; name = "Pods-CPlusKitchen.release.xcconfig"; path = "Pods/Target Support Files/Pods-CPlusKitchen/Pods-CPlusKitchen.release.xcconfig"; sourceTree = "<group>"; };
		C330923D1D1CE66B000A14FD /* AdditionalSignUpVC.swift */ = {isa = PBXFileReference; fileEncoding = 4; lastKnownFileType = sourcecode.swift; path = AdditionalSignUpVC.swift; sourceTree = "<group>"; };
		C3472CF91CCF02D8007CC4F7 /* CPlusKitchen.app */ = {isa = PBXFileReference; explicitFileType = wrapper.application; includeInIndex = 0; path = CPlusKitchen.app; sourceTree = BUILT_PRODUCTS_DIR; };
		C3472CFC1CCF02D8007CC4F7 /* AppDelegate.swift */ = {isa = PBXFileReference; lastKnownFileType = sourcecode.swift; path = AppDelegate.swift; sourceTree = "<group>"; };
		C3472CFE1CCF02D8007CC4F7 /* LandingVC.swift */ = {isa = PBXFileReference; lastKnownFileType = sourcecode.swift; path = LandingVC.swift; sourceTree = "<group>"; };
		C3472D011CCF02D8007CC4F7 /* Base */ = {isa = PBXFileReference; lastKnownFileType = file.storyboard; name = Base; path = Base.lproj/Main.storyboard; sourceTree = "<group>"; };
		C3472D031CCF02D8007CC4F7 /* Assets.xcassets */ = {isa = PBXFileReference; lastKnownFileType = folder.assetcatalog; path = Assets.xcassets; sourceTree = "<group>"; };
		C3472D061CCF02D8007CC4F7 /* Base */ = {isa = PBXFileReference; lastKnownFileType = file.storyboard; name = Base; path = Base.lproj/LaunchScreen.storyboard; sourceTree = "<group>"; };
		C3472D081CCF02D8007CC4F7 /* Info.plist */ = {isa = PBXFileReference; lastKnownFileType = text.plist.xml; path = Info.plist; sourceTree = "<group>"; };
		C3472D0E1CCF0326007CC4F7 /* LoginVC.swift */ = {isa = PBXFileReference; fileEncoding = 4; lastKnownFileType = sourcecode.swift; path = LoginVC.swift; sourceTree = "<group>"; };
		C3472D101CCF0336007CC4F7 /* SignUpVC.swift */ = {isa = PBXFileReference; fileEncoding = 4; lastKnownFileType = sourcecode.swift; path = SignUpVC.swift; sourceTree = "<group>"; };
		C36ECA141CD0572B00C9A361 /* User.swift */ = {isa = PBXFileReference; fileEncoding = 4; lastKnownFileType = sourcecode.swift; path = User.swift; sourceTree = "<group>"; };
		C38B07501CDA02CA00423AB7 /* Util.swift */ = {isa = PBXFileReference; fileEncoding = 4; lastKnownFileType = sourcecode.swift; path = Util.swift; sourceTree = "<group>"; };
		C39219BC1D138BD400B1B24C /* Event.swift */ = {isa = PBXFileReference; fileEncoding = 4; lastKnownFileType = sourcecode.swift; path = Event.swift; sourceTree = "<group>"; };
		C39219BE1D138C7B00B1B24C /* Payment.swift */ = {isa = PBXFileReference; fileEncoding = 4; lastKnownFileType = sourcecode.swift; path = Payment.swift; sourceTree = "<group>"; };
		C3B970A21D2A90EE00CA6BB5 /* LeftMenuDrawerVC.swift */ = {isa = PBXFileReference; fileEncoding = 4; lastKnownFileType = sourcecode.swift; path = LeftMenuDrawerVC.swift; sourceTree = "<group>"; };
		C3CCEAE21D2B5D4F00EDC31D /* SSASideMenu.swift */ = {isa = PBXFileReference; fileEncoding = 4; lastKnownFileType = sourcecode.swift; path = SSASideMenu.swift; sourceTree = "<group>"; };
		C3F632831D21FC5200D43261 /* Material.framework */ = {isa = PBXFileReference; lastKnownFileType = wrapper.framework; name = Material.framework; path = "../../../Library/Developer/Xcode/DerivedData/CPlusKitchen-gqjumvqijdljqgbxsekwevzzooly/Build/Products/Debug-iphonesimulator/Material.framework"; sourceTree = "<group>"; };
		EB607D1082A7726FDFE1542F /* Pods-CPlusKitchen.debug.xcconfig */ = {isa = PBXFileReference; includeInIndex = 1; lastKnownFileType = text.xcconfig; name = "Pods-CPlusKitchen.debug.xcconfig"; path = "Pods/Target Support Files/Pods-CPlusKitchen/Pods-CPlusKitchen.debug.xcconfig"; sourceTree = "<group>"; };
/* End PBXFileReference section */

/* Begin PBXFrameworksBuildPhase section */
		C3472CF61CCF02D8007CC4F7 /* Frameworks */ = {
			isa = PBXFrameworksBuildPhase;
			buildActionMask = 2147483647;
			files = (
				F32B37D3377342CC1491654C /* Pods_CPlusKitchen.framework in Frameworks */,
				0A0A3DE71D25FC8100053EA0 /* FBSDKCoreKit.framework in Frameworks */,
				0A0A3DE81D25FC8100053EA0 /* FBSDKLoginKit.framework in Frameworks */,
				0A0A3DE61D25FC8100053EA0 /* Bolts.framework in Frameworks */,
			);
			runOnlyForDeploymentPostprocessing = 0;
		};
/* End PBXFrameworksBuildPhase section */

/* Begin PBXGroup section */
		AFCC40B746604BA7AF19428C /* Frameworks */ = {
			isa = PBXGroup;
			children = (
				0A0A3DE31D25FC8100053EA0 /* Bolts.framework */,
				0A0A3DE41D25FC8100053EA0 /* FBSDKCoreKit.framework */,
				0A0A3DE51D25FC8100053EA0 /* FBSDKLoginKit.framework */,
				C3F632831D21FC5200D43261 /* Material.framework */,
				0188042C45B9F31E8BBC74AC /* Pods_CPlusKitchen.framework */,
			);
			name = Frameworks;
			sourceTree = "<group>";
		};
		C3472CF01CCF02D8007CC4F7 = {
			isa = PBXGroup;
			children = (
				C3472CFB1CCF02D8007CC4F7 /* CPlusKitchen */,
				C3472CFA1CCF02D8007CC4F7 /* Products */,
				AFCC40B746604BA7AF19428C /* Frameworks */,
				ED0490799D9091A6589AFF4A /* Pods */,
			);
			sourceTree = "<group>";
		};
		C3472CFA1CCF02D8007CC4F7 /* Products */ = {
			isa = PBXGroup;
			children = (
				C3472CF91CCF02D8007CC4F7 /* CPlusKitchen.app */,
			);
			name = Products;
			sourceTree = "<group>";
		};
		C3472CFB1CCF02D8007CC4F7 /* CPlusKitchen */ = {
			isa = PBXGroup;
			children = (
				C3472D121CCF035B007CC4F7 /* Model */,
				C3472D131CCF0365007CC4F7 /* View */,
				C3472D141CCF036D007CC4F7 /* Controller */,
				C3472D151CCF0375007CC4F7 /* Util */,
				C3472CFC1CCF02D8007CC4F7 /* AppDelegate.swift */,
				C3472D001CCF02D8007CC4F7 /* Main.storyboard */,
				C3472D031CCF02D8007CC4F7 /* Assets.xcassets */,
				C3472D051CCF02D8007CC4F7 /* LaunchScreen.storyboard */,
				0ADB7AE51D2797CB00F94EFC /* GoogleService-Info.plist */,
				C3472D081CCF02D8007CC4F7 /* Info.plist */,
			);
			path = CPlusKitchen;
			sourceTree = "<group>";
		};
		C3472D121CCF035B007CC4F7 /* Model */ = {
			isa = PBXGroup;
			children = (
				C36ECA141CD0572B00C9A361 /* User.swift */,
				C39219BC1D138BD400B1B24C /* Event.swift */,
				C39219BE1D138C7B00B1B24C /* Payment.swift */,
			);
			name = Model;
			sourceTree = "<group>";
		};
		C3472D131CCF0365007CC4F7 /* View */ = {
			isa = PBXGroup;
			children = (
				0A8E0D491D271AEA00F923E0 /* EventCell.swift */,
			);
			name = View;
			sourceTree = "<group>";
		};
		C3472D141CCF036D007CC4F7 /* Controller */ = {
			isa = PBXGroup;
			children = (
				C330923D1D1CE66B000A14FD /* AdditionalSignUpVC.swift */,
				0A0A3DF51D260D7E00053EA0 /* HomeVC.swift */,
				C3B970A21D2A90EE00CA6BB5 /* LeftMenuDrawerVC.swift */,
				C3472CFE1CCF02D8007CC4F7 /* LandingVC.swift */,
				C3472D0E1CCF0326007CC4F7 /* LoginVC.swift */,
				C3472D101CCF0336007CC4F7 /* SignUpVC.swift */,
				0ADB7AE21D2747AC00F94EFC /* PostVC.swift */,
			);
			name = Controller;
			sourceTree = "<group>";
		};
		C3472D151CCF0375007CC4F7 /* Util */ = {
			isa = PBXGroup;
			children = (
				C3CCEAE21D2B5D4F00EDC31D /* SSASideMenu.swift */,
				0A0A3DEB1D25FD8800053EA0 /* Constant.swift */,
				0A0A3DE91D25FD6000053EA0 /* DataService.swift */,
				C38B07501CDA02CA00423AB7 /* Util.swift */,
			);
			name = Util;
			sourceTree = "<group>";
		};
		ED0490799D9091A6589AFF4A /* Pods */ = {
			isa = PBXGroup;
			children = (
				EB607D1082A7726FDFE1542F /* Pods-CPlusKitchen.debug.xcconfig */,
				7E661D4234041A03F9F3AE57 /* Pods-CPlusKitchen.release.xcconfig */,
			);
			name = Pods;
			sourceTree = "<group>";
		};
/* End PBXGroup section */

/* Begin PBXNativeTarget section */
		C3472CF81CCF02D8007CC4F7 /* CPlusKitchen */ = {
			isa = PBXNativeTarget;
			buildConfigurationList = C3472D0B1CCF02D8007CC4F7 /* Build configuration list for PBXNativeTarget "CPlusKitchen" */;
			buildPhases = (
				B9456B9FB4C47C1EA371A87B /* [CP] Check Pods Manifest.lock */,
				C3472CF51CCF02D8007CC4F7 /* Sources */,
				C3472CF61CCF02D8007CC4F7 /* Frameworks */,
				C3472CF71CCF02D8007CC4F7 /* Resources */,
				6B5117B8201009C84025710B /* [CP] Embed Pods Frameworks */,
				16C5A70904FCCFCC65EBA75E /* [CP] Copy Pods Resources */,
			);
			buildRules = (
			);
			dependencies = (
			);
			name = CPlusKitchen;
			productName = CPlusKitchen;
			productReference = C3472CF91CCF02D8007CC4F7 /* CPlusKitchen.app */;
			productType = "com.apple.product-type.application";
		};
/* End PBXNativeTarget section */

/* Begin PBXProject section */
		C3472CF11CCF02D8007CC4F7 /* Project object */ = {
			isa = PBXProject;
			attributes = {
				LastSwiftUpdateCheck = 0730;
				LastUpgradeCheck = 0730;
				ORGANIZATIONNAME = lotszkit;
				TargetAttributes = {
					C3472CF81CCF02D8007CC4F7 = {
						CreatedOnToolsVersion = 7.3;
					};
				};
			};
			buildConfigurationList = C3472CF41CCF02D8007CC4F7 /* Build configuration list for PBXProject "CPlusKitchen" */;
			compatibilityVersion = "Xcode 3.2";
			developmentRegion = English;
			hasScannedForEncodings = 0;
			knownRegions = (
				en,
				Base,
			);
			mainGroup = C3472CF01CCF02D8007CC4F7;
			productRefGroup = C3472CFA1CCF02D8007CC4F7 /* Products */;
			projectDirPath = "";
			projectRoot = "";
			targets = (
				C3472CF81CCF02D8007CC4F7 /* CPlusKitchen */,
			);
		};
/* End PBXProject section */

/* Begin PBXResourcesBuildPhase section */
		C3472CF71CCF02D8007CC4F7 /* Resources */ = {
			isa = PBXResourcesBuildPhase;
			buildActionMask = 2147483647;
			files = (
				C3472D071CCF02D8007CC4F7 /* LaunchScreen.storyboard in Resources */,
				0ADB7AE61D2797CB00F94EFC /* GoogleService-Info.plist in Resources */,
				C3472D041CCF02D8007CC4F7 /* Assets.xcassets in Resources */,
				C3472D021CCF02D8007CC4F7 /* Main.storyboard in Resources */,
			);
			runOnlyForDeploymentPostprocessing = 0;
		};
/* End PBXResourcesBuildPhase section */

/* Begin PBXShellScriptBuildPhase section */
		16C5A70904FCCFCC65EBA75E /* [CP] Copy Pods Resources */ = {
			isa = PBXShellScriptBuildPhase;
			buildActionMask = 2147483647;
			files = (
			);
			inputPaths = (
			);
			name = "[CP] Copy Pods Resources";
			outputPaths = (
			);
			runOnlyForDeploymentPostprocessing = 0;
			shellPath = /bin/sh;
			shellScript = "\"${SRCROOT}/Pods/Target Support Files/Pods-CPlusKitchen/Pods-CPlusKitchen-resources.sh\"\n";
			showEnvVarsInLog = 0;
		};
		6B5117B8201009C84025710B /* [CP] Embed Pods Frameworks */ = {
			isa = PBXShellScriptBuildPhase;
			buildActionMask = 2147483647;
			files = (
			);
			inputPaths = (
			);
			name = "[CP] Embed Pods Frameworks";
			outputPaths = (
			);
			runOnlyForDeploymentPostprocessing = 0;
			shellPath = /bin/sh;
			shellScript = "\"${SRCROOT}/Pods/Target Support Files/Pods-CPlusKitchen/Pods-CPlusKitchen-frameworks.sh\"\n";
			showEnvVarsInLog = 0;
		};
		B9456B9FB4C47C1EA371A87B /* [CP] Check Pods Manifest.lock */ = {
			isa = PBXShellScriptBuildPhase;
			buildActionMask = 2147483647;
			files = (
			);
			inputPaths = (
			);
			name = "[CP] Check Pods Manifest.lock";
			outputPaths = (
			);
			runOnlyForDeploymentPostprocessing = 0;
			shellPath = /bin/sh;
			shellScript = "diff \"${PODS_ROOT}/../Podfile.lock\" \"${PODS_ROOT}/Manifest.lock\" > /dev/null\nif [[ $? != 0 ]] ; then\n    cat << EOM\nerror: The sandbox is not in sync with the Podfile.lock. Run 'pod install' or update your CocoaPods installation.\nEOM\n    exit 1\nfi\n";
			showEnvVarsInLog = 0;
		};
/* End PBXShellScriptBuildPhase section */

/* Begin PBXSourcesBuildPhase section */
		C3472CF51CCF02D8007CC4F7 /* Sources */ = {
			isa = PBXSourcesBuildPhase;
			buildActionMask = 2147483647;
			files = (
				C3472CFF1CCF02D8007CC4F7 /* LandingVC.swift in Sources */,
				C38B07511CDA02CA00423AB7 /* Util.swift in Sources */,
				C330923E1D1CE66B000A14FD /* AdditionalSignUpVC.swift in Sources */,
				C3472CFD1CCF02D8007CC4F7 /* AppDelegate.swift in Sources */,
				0ADB7AE31D2747AC00F94EFC /* PostVC.swift in Sources */,
				C3472D111CCF0336007CC4F7 /* SignUpVC.swift in Sources */,
				C36ECA151CD0572B00C9A361 /* User.swift in Sources */,
				C39219BD1D138BD400B1B24C /* Event.swift in Sources */,
				0A8E0D4A1D271AEA00F923E0 /* EventCell.swift in Sources */,
				C39219BF1D138C7B00B1B24C /* Payment.swift in Sources */,
				C3CCEAE31D2B5D4F00EDC31D /* SSASideMenu.swift in Sources */,
				0A0A3DEC1D25FD8800053EA0 /* Constant.swift in Sources */,
				C3472D0F1CCF0326007CC4F7 /* LoginVC.swift in Sources */,
				0A0A3DF61D260D7E00053EA0 /* HomeVC.swift in Sources */,
				0A0A3DEA1D25FD6000053EA0 /* DataService.swift in Sources */,
				C3B970A31D2A90EE00CA6BB5 /* LeftMenuDrawerVC.swift in Sources */,
			);
			runOnlyForDeploymentPostprocessing = 0;
		};
/* End PBXSourcesBuildPhase section */

/* Begin PBXVariantGroup section */
		C3472D001CCF02D8007CC4F7 /* Main.storyboard */ = {
			isa = PBXVariantGroup;
			children = (
				C3472D011CCF02D8007CC4F7 /* Base */,
			);
			name = Main.storyboard;
			sourceTree = "<group>";
		};
		C3472D051CCF02D8007CC4F7 /* LaunchScreen.storyboard */ = {
			isa = PBXVariantGroup;
			children = (
				C3472D061CCF02D8007CC4F7 /* Base */,
			);
			name = LaunchScreen.storyboard;
			sourceTree = "<group>";
		};
/* End PBXVariantGroup section */

/* Begin XCBuildConfiguration section */
		C3472D091CCF02D8007CC4F7 /* Debug */ = {
			isa = XCBuildConfiguration;
			buildSettings = {
				ALWAYS_SEARCH_USER_PATHS = NO;
				CLANG_ANALYZER_NONNULL = YES;
				CLANG_CXX_LANGUAGE_STANDARD = "gnu++0x";
				CLANG_CXX_LIBRARY = "libc++";
				CLANG_ENABLE_MODULES = YES;
				CLANG_ENABLE_OBJC_ARC = YES;
				CLANG_WARN_BOOL_CONVERSION = YES;
				CLANG_WARN_CONSTANT_CONVERSION = YES;
				CLANG_WARN_DIRECT_OBJC_ISA_USAGE = YES_ERROR;
				CLANG_WARN_EMPTY_BODY = YES;
				CLANG_WARN_ENUM_CONVERSION = YES;
				CLANG_WARN_INT_CONVERSION = YES;
				CLANG_WARN_OBJC_ROOT_CLASS = YES_ERROR;
				CLANG_WARN_UNREACHABLE_CODE = YES;
				CLANG_WARN__DUPLICATE_METHOD_MATCH = YES;
				"CODE_SIGN_IDENTITY[sdk=iphoneos*]" = "iPhone Developer";
				COPY_PHASE_STRIP = NO;
				DEBUG_INFORMATION_FORMAT = dwarf;
				ENABLE_STRICT_OBJC_MSGSEND = YES;
				ENABLE_TESTABILITY = YES;
				GCC_C_LANGUAGE_STANDARD = gnu99;
				GCC_DYNAMIC_NO_PIC = NO;
				GCC_NO_COMMON_BLOCKS = YES;
				GCC_OPTIMIZATION_LEVEL = 0;
				GCC_PREPROCESSOR_DEFINITIONS = (
					"DEBUG=1",
					"$(inherited)",
				);
				GCC_WARN_64_TO_32_BIT_CONVERSION = YES;
				GCC_WARN_ABOUT_RETURN_TYPE = YES_ERROR;
				GCC_WARN_UNDECLARED_SELECTOR = YES;
				GCC_WARN_UNINITIALIZED_AUTOS = YES_AGGRESSIVE;
				GCC_WARN_UNUSED_FUNCTION = YES;
				GCC_WARN_UNUSED_VARIABLE = YES;
				IPHONEOS_DEPLOYMENT_TARGET = 9.3;
				MTL_ENABLE_DEBUG_INFO = YES;
				ONLY_ACTIVE_ARCH = YES;
				SDKROOT = iphoneos;
				SWIFT_OPTIMIZATION_LEVEL = "-Onone";
				TARGETED_DEVICE_FAMILY = "1,2";
			};
			name = Debug;
		};
		C3472D0A1CCF02D8007CC4F7 /* Release */ = {
			isa = XCBuildConfiguration;
			buildSettings = {
				ALWAYS_SEARCH_USER_PATHS = NO;
				CLANG_ANALYZER_NONNULL = YES;
				CLANG_CXX_LANGUAGE_STANDARD = "gnu++0x";
				CLANG_CXX_LIBRARY = "libc++";
				CLANG_ENABLE_MODULES = YES;
				CLANG_ENABLE_OBJC_ARC = YES;
				CLANG_WARN_BOOL_CONVERSION = YES;
				CLANG_WARN_CONSTANT_CONVERSION = YES;
				CLANG_WARN_DIRECT_OBJC_ISA_USAGE = YES_ERROR;
				CLANG_WARN_EMPTY_BODY = YES;
				CLANG_WARN_ENUM_CONVERSION = YES;
				CLANG_WARN_INT_CONVERSION = YES;
				CLANG_WARN_OBJC_ROOT_CLASS = YES_ERROR;
				CLANG_WARN_UNREACHABLE_CODE = YES;
				CLANG_WARN__DUPLICATE_METHOD_MATCH = YES;
				"CODE_SIGN_IDENTITY[sdk=iphoneos*]" = "iPhone Developer";
				COPY_PHASE_STRIP = NO;
				DEBUG_INFORMATION_FORMAT = "dwarf-with-dsym";
				ENABLE_NS_ASSERTIONS = NO;
				ENABLE_STRICT_OBJC_MSGSEND = YES;
				GCC_C_LANGUAGE_STANDARD = gnu99;
				GCC_NO_COMMON_BLOCKS = YES;
				GCC_WARN_64_TO_32_BIT_CONVERSION = YES;
				GCC_WARN_ABOUT_RETURN_TYPE = YES_ERROR;
				GCC_WARN_UNDECLARED_SELECTOR = YES;
				GCC_WARN_UNINITIALIZED_AUTOS = YES_AGGRESSIVE;
				GCC_WARN_UNUSED_FUNCTION = YES;
				GCC_WARN_UNUSED_VARIABLE = YES;
				IPHONEOS_DEPLOYMENT_TARGET = 9.3;
				MTL_ENABLE_DEBUG_INFO = NO;
				SDKROOT = iphoneos;
				TARGETED_DEVICE_FAMILY = "1,2";
				VALIDATE_PRODUCT = YES;
			};
			name = Release;
		};
		C3472D0C1CCF02D8007CC4F7 /* Debug */ = {
			isa = XCBuildConfiguration;
			baseConfigurationReference = EB607D1082A7726FDFE1542F /* Pods-CPlusKitchen.debug.xcconfig */;
			buildSettings = {
				ASSETCATALOG_COMPILER_APPICON_NAME = AppIcon;
				FRAMEWORK_SEARCH_PATHS = (
					"$(inherited)",
					"$(PROJECT_DIR)",
				);
				INFOPLIST_FILE = CPlusKitchen/Info.plist;
				LD_RUNPATH_SEARCH_PATHS = "$(inherited) @executable_path/Frameworks";
				PRODUCT_BUNDLE_IDENTIFIER = com.lotszkit.CPlusKitchen;
				PRODUCT_NAME = "$(TARGET_NAME)";
				SWIFT_OBJC_BRIDGING_HEADER = "";
			};
			name = Debug;
		};
		C3472D0D1CCF02D8007CC4F7 /* Release */ = {
			isa = XCBuildConfiguration;
			baseConfigurationReference = 7E661D4234041A03F9F3AE57 /* Pods-CPlusKitchen.release.xcconfig */;
			buildSettings = {
				ASSETCATALOG_COMPILER_APPICON_NAME = AppIcon;
				FRAMEWORK_SEARCH_PATHS = (
					"$(inherited)",
					"$(PROJECT_DIR)",
				);
				INFOPLIST_FILE = CPlusKitchen/Info.plist;
				LD_RUNPATH_SEARCH_PATHS = "$(inherited) @executable_path/Frameworks";
				PRODUCT_BUNDLE_IDENTIFIER = com.lotszkit.CPlusKitchen;
				PRODUCT_NAME = "$(TARGET_NAME)";
				SWIFT_OBJC_BRIDGING_HEADER = "";
			};
			name = Release;
		};
/* End XCBuildConfiguration section */

/* Begin XCConfigurationList section */
		C3472CF41CCF02D8007CC4F7 /* Build configuration list for PBXProject "CPlusKitchen" */ = {
			isa = XCConfigurationList;
			buildConfigurations = (
				C3472D091CCF02D8007CC4F7 /* Debug */,
				C3472D0A1CCF02D8007CC4F7 /* Release */,
			);
			defaultConfigurationIsVisible = 0;
			defaultConfigurationName = Release;
		};
		C3472D0B1CCF02D8007CC4F7 /* Build configuration list for PBXNativeTarget "CPlusKitchen" */ = {
			isa = XCConfigurationList;
			buildConfigurations = (
				C3472D0C1CCF02D8007CC4F7 /* Debug */,
				C3472D0D1CCF02D8007CC4F7 /* Release */,
			);
			defaultConfigurationIsVisible = 0;
			defaultConfigurationName = Release;
		};
/* End XCConfigurationList section */
	};
	rootObject = C3472CF11CCF02D8007CC4F7 /* Project object */;
}
